<?xml version="1.0" encoding="utf-8"?>
<Project ToolsVersion="4.0" xmlns="http://schemas.microsoft.com/developer/msbuild/2003">
  <ItemGroup>
    <Filter Include="Исходные файлы">
      <UniqueIdentifier>{4FC737F1-C7A5-4376-A066-2A32D752A2FF}</UniqueIdentifier>
      <Extensions>cpp;c;cc;cxx;c++;cppm;ixx;def;odl;idl;hpj;bat;asm;asmx</Extensions>
    </Filter>
    <Filter Include="Файлы заголовков">
      <UniqueIdentifier>{93995380-89BD-4b04-88EB-625FBE52EBFB}</UniqueIdentifier>
      <Extensions>h;hh;hpp;hxx;h++;hm;inl;inc;ipp;xsd</Extensions>
    </Filter>
    <Filter Include="Файлы ресурсов">
      <UniqueIdentifier>{67DA6AB6-F800-4c08-8B7A-83BB121AAD01}</UniqueIdentifier>
      <Extensions>rc;ico;cur;bmp;dlg;rc2;rct;bin;rgs;gif;jpg;jpeg;jpe;resx;tiff;tif;png;wav;mfcribbon-ms</Extensions>
    </Filter>
    <Filter Include="Исходные файлы\UI Controls">
      <UniqueIdentifier>{4556e816-76f3-4113-8f53-1c55437c0810}</UniqueIdentifier>
    </Filter>
    <Filter Include="Исходные файлы\Windows">
      <UniqueIdentifier>{4bc1cc20-0045-405e-8c6d-bc515e1ed09b}</UniqueIdentifier>
    </Filter>
    <Filter Include="Исходные файлы\Utilities">
      <UniqueIdentifier>{9b6a051a-0589-4a76-b9d7-b8ea7ca1de50}</UniqueIdentifier>
    </Filter>
    <Filter Include="Файлы заголовков\Utilities">
      <UniqueIdentifier>{68b1142f-e534-4279-b0bd-39edea113a98}</UniqueIdentifier>
    </Filter>
    <Filter Include="Файлы заголовков\Windows">
      <UniqueIdentifier>{b6216fba-379d-4a50-9348-e9fa3a0d45ea}</UniqueIdentifier>
    </Filter>
    <Filter Include="Файлы заголовков\UI Controls">
      <UniqueIdentifier>{d7ce1981-3900-49e6-bf50-d76d51a3e448}</UniqueIdentifier>
    </Filter>
  </ItemGroup>
  <ItemGroup>
    <ClCompile Include="src\windows\filemanw.cpp">
      <Filter>Исходные файлы\Windows</Filter>
    </ClCompile>
    <ClCompile Include="src\controls\extwnd.cpp">
      <Filter>Исходные файлы\UI Controls</Filter>
    </ClCompile>
    <ClCompile Include="src\controls\listbox.cpp">
      <Filter>Исходные файлы\UI Controls</Filter>
    </ClCompile>
    <ClCompile Include="src\controls\msgbox.cpp">
      <Filter>Исходные файлы\UI Controls</Filter>
    </ClCompile>
    <ClCompile Include="src\utils\extstr.cpp">
      <Filter>Исходные файлы\Utilities</Filter>
    </ClCompile>
    <ClCompile Include="src\utils\fileman.cpp">
      <Filter>Исходные файлы\Utilities</Filter>
    </ClCompile>
    <ClCompile Include="src\utils\pguiman.cpp">
      <Filter>Исходные файлы\Utilities</Filter>
    </ClCompile>
    <ClCompile Include="src\knowledges.cpp">
      <Filter>Исходные файлы</Filter>
    </ClCompile>
  </ItemGroup>
  <ItemGroup>
    <ClInclude Include="src\version.h">
      <Filter>Файлы заголовков</Filter>
    </ClInclude>
    <ClInclude Include="src\controls\extwnd.h">
      <Filter>Файлы заголовков\UI Controls</Filter>
    </ClInclude>
    <ClInclude Include="src\controls\listbox.h">
      <Filter>Файлы заголовков\UI Controls</Filter>
    </ClInclude>
    <ClInclude Include="src\controls\msgbox.h">
      <Filter>Файлы заголовков\UI Controls</Filter>
    </ClInclude>
    <ClInclude Include="src\controls\uictrl.h">
      <Filter>Файлы заголовков\UI Controls</Filter>
    </ClInclude>
    <ClInclude Include="src\windows\filemanw.h">
      <Filter>Файлы заголовков\Windows</Filter>
    </ClInclude>
    <ClInclude Include="src\utils\extstr.h">
      <Filter>Файлы заголовков\Utilities</Filter>
    </ClInclude>
    <ClInclude Include="src\utils\fileman.h">
      <Filter>Файлы заголовков\Utilities</Filter>
    </ClInclude>
    <ClInclude Include="src\utils\pguiman.h">
      <Filter>Файлы заголовков\Utilities</Filter>
    </ClInclude>
  </ItemGroup>
</Project>